
Microsoft Visual Studio Solution File, Format Version 12.00
# Visual Studio Version 17
VisualStudioVersion = 17.0.31903.59
MinimumVisualStudioVersion = 10.0.40219.1
Project("{FAE04EC0-301F-11D3-BF4B-00C04F79EFBC}") = "PersonalFinanceManager.Core", "PersonalFinanceManager.Core\PersonalFinanceManager.Core.csproj", "{B4198308-EF3B-4004-8634-FECEE75C3E07}"
EndProject
Project("{FAE04EC0-301F-11D3-BF4B-00C04F79EFBC}") = "PersonalFinanceManager.Infrastructure", "PersonalFinanceManager.Infrastructure\PersonalFinanceManager.Infrastructure.csproj", "{967C5A7A-5E08-41FA-A5A9-BEFADD200204}"
EndProject
Project("{FAE04EC0-301F-11D3-BF4B-00C04F79EFBC}") = "PersonalFinanceManager.API", "PersonalFinanceManager.API\PersonalFinanceManager.API.csproj", "{CE3BE7D6-F05F-4529-B969-AA7050287DAD}"
EndProject
Project("{FAE04EC0-301F-11D3-BF4B-00C04F79EFBC}") = "PersonalFinanceManager.Web", "PersonalFinanceManager.Web\PersonalFinanceManager.Web.csproj", "{7DC510CD-4FDA-4368-998D-C174E7C6037A}"
EndProject
Project("{FAE04EC0-301F-11D3-BF4B-00C04F79EFBC}") = "PersonalFinanceManager.Application", "PersonalFinanceManager.Application\PersonalFinanceManager.Application.csproj", "{45FA0B60-A09A-4469-AFBF-AB326F08D574}"
EndProject
Project("{FAE04EC0-301F-11D3-BF4B-00C04F79EFBC}") = "PersonalFinanceManager.UnitTests", "PersonalFinanceManager.UnitTests\PersonalFinanceManager.UnitTests.csproj", "{9DFA9B63-22E3-4C2A-A240-D5DE7A281669}"
EndProject
Project("{FAE04EC0-301F-11D3-BF4B-00C04F79EFBC}") = "PersonalFinanceManager.IntegrationTests", "PersonalFinanceManager.IntegrationTests\PersonalFinanceManager.IntegrationTests.csproj", "{FB932FCA-A474-4F57-BF64-B0726713D069}"
EndProject
Project("{FAE04EC0-301F-11D3-BF4B-00C04F79EFBC}") = "PersonalFinanceManager.Application.Contracts", "PersonalFinanceManager.Application.Contracts\PersonalFinanceManager.Application.Contracts.csproj", "{6FD2F209-3BF5-437E-B427-8ED48194B21C}"
EndProject
Project("{FAE04EC0-301F-11D3-BF4B-00C04F79EFBC}") = "PersonalFinanceManager.Desktop", "PersonalFinanceManager.Desktop\PersonalFinanceManager.Desktop.csproj", "{42C068DC-373C-4769-B344-BD439C7E19BD}"
EndProject
Project("{FAE04EC0-301F-11D3-BF4B-00C04F79EFBC}") = "PersonalFinanceManager.Desktop.Tests", "PersonalFinanceManager.Desktop.Tests\PersonalFinanceManager.Desktop.Tests.csproj", "{CC555720-915C-4821-B00F-774140C23DFE}"
EndProject
Project("{FAE04EC0-301F-11D3-BF4B-00C04F79EFBC}") = "PersonalFinanceManager.Mobile", "PersonalFinanceManager.Mobile\PersonalFinanceManager.Mobile.csproj", "{7F563AF3-E334-430E-A51B-0F5A4E3DEFC0}"
EndProject
Project("{FAE04EC0-301F-11D3-BF4B-00C04F79EFBC}") = "PersonalFinanceManager.Mobile.Tests", "PersonalFinanceManager.Mobile.Tests\PersonalFinanceManager.Mobile.Tests.csproj", "{94C312E7-654A-4A04-9DE2-74F466A0D49A}"
EndProject
Global
	GlobalSection(SolutionConfigurationPlatforms) = preSolution
		Debug|Any CPU = Debug|Any CPU
		Debug|x64 = Debug|x64
		Debug|x86 = Debug|x86
		Release|Any CPU = Release|Any CPU
		Release|x64 = Release|x64
		Release|x86 = Release|x86
	EndGlobalSection
	GlobalSection(ProjectConfigurationPlatforms) = postSolution
		{B4198308-EF3B-4004-8634-FECEE75C3E07}.Debug|Any CPU.ActiveCfg = Debug|Any CPU
		{B4198308-EF3B-4004-8634-FECEE75C3E07}.Debug|Any CPU.Build.0 = Debug|Any CPU
		{B4198308-EF3B-4004-8634-FECEE75C3E07}.Debug|x64.ActiveCfg = Debug|Any CPU
		{B4198308-EF3B-4004-8634-FECEE75C3E07}.Debug|x64.Build.0 = Debug|Any CPU
		{B4198308-EF3B-4004-8634-FECEE75C3E07}.Debug|x86.ActiveCfg = Debug|Any CPU
		{B4198308-EF3B-4004-8634-FECEE75C3E07}.Debug|x86.Build.0 = Debug|Any CPU
		{B4198308-EF3B-4004-8634-FECEE75C3E07}.Release|Any CPU.ActiveCfg = Release|Any CPU
		{B4198308-EF3B-4004-8634-FECEE75C3E07}.Release|Any CPU.Build.0 = Release|Any CPU
		{B4198308-EF3B-4004-8634-FECEE75C3E07}.Release|x64.ActiveCfg = Release|Any CPU
		{B4198308-EF3B-4004-8634-FECEE75C3E07}.Release|x64.Build.0 = Release|Any CPU
		{B4198308-EF3B-4004-8634-FECEE75C3E07}.Release|x86.ActiveCfg = Release|Any CPU
		{B4198308-EF3B-4004-8634-FECEE75C3E07}.Release|x86.Build.0 = Release|Any CPU
		{967C5A7A-5E08-41FA-A5A9-BEFADD200204}.Debug|Any CPU.ActiveCfg = Debug|Any CPU
		{967C5A7A-5E08-41FA-A5A9-BEFADD200204}.Debug|Any CPU.Build.0 = Debug|Any CPU
		{967C5A7A-5E08-41FA-A5A9-BEFADD200204}.Debug|x64.ActiveCfg = Debug|Any CPU
		{967C5A7A-5E08-41FA-A5A9-BEFADD200204}.Debug|x64.Build.0 = Debug|Any CPU
		{967C5A7A-5E08-41FA-A5A9-BEFADD200204}.Debug|x86.ActiveCfg = Debug|Any CPU
		{967C5A7A-5E08-41FA-A5A9-BEFADD200204}.Debug|x86.Build.0 = Debug|Any CPU
		{967C5A7A-5E08-41FA-A5A9-BEFADD200204}.Release|Any CPU.ActiveCfg = Release|Any CPU
		{967C5A7A-5E08-41FA-A5A9-BEFADD200204}.Release|Any CPU.Build.0 = Release|Any CPU
		{967C5A7A-5E08-41FA-A5A9-BEFADD200204}.Release|x64.ActiveCfg = Release|Any CPU
		{967C5A7A-5E08-41FA-A5A9-BEFADD200204}.Release|x64.Build.0 = Release|Any CPU
		{967C5A7A-5E08-41FA-A5A9-BEFADD200204}.Release|x86.ActiveCfg = Release|Any CPU
		{967C5A7A-5E08-41FA-A5A9-BEFADD200204}.Release|x86.Build.0 = Release|Any CPU
		{CE3BE7D6-F05F-4529-B969-AA7050287DAD}.Debug|Any CPU.ActiveCfg = Debug|Any CPU
		{CE3BE7D6-F05F-4529-B969-AA7050287DAD}.Debug|Any CPU.Build.0 = Debug|Any CPU
		{CE3BE7D6-F05F-4529-B969-AA7050287DAD}.Debug|x64.ActiveCfg = Debug|Any CPU
		{CE3BE7D6-F05F-4529-B969-AA7050287DAD}.Debug|x64.Build.0 = Debug|Any CPU
		{CE3BE7D6-F05F-4529-B969-AA7050287DAD}.Debug|x86.ActiveCfg = Debug|Any CPU
		{CE3BE7D6-F05F-4529-B969-AA7050287DAD}.Debug|x86.Build.0 = Debug|Any CPU
		{CE3BE7D6-F05F-4529-B969-AA7050287DAD}.Release|Any CPU.ActiveCfg = Release|Any CPU
		{CE3BE7D6-F05F-4529-B969-AA7050287DAD}.Release|Any CPU.Build.0 = Release|Any CPU
		{CE3BE7D6-F05F-4529-B969-AA7050287DAD}.Release|x64.ActiveCfg = Release|Any CPU
		{CE3BE7D6-F05F-4529-B969-AA7050287DAD}.Release|x64.Build.0 = Release|Any CPU
		{CE3BE7D6-F05F-4529-B969-AA7050287DAD}.Release|x86.ActiveCfg = Release|Any CPU
		{CE3BE7D6-F05F-4529-B969-AA7050287DAD}.Release|x86.Build.0 = Release|Any CPU
		{7DC510CD-4FDA-4368-998D-C174E7C6037A}.Debug|Any CPU.ActiveCfg = Debug|Any CPU
		{7DC510CD-4FDA-4368-998D-C174E7C6037A}.Debug|Any CPU.Build.0 = Debug|Any CPU
		{7DC510CD-4FDA-4368-998D-C174E7C6037A}.Debug|x64.ActiveCfg = Debug|Any CPU
		{7DC510CD-4FDA-4368-998D-C174E7C6037A}.Debug|x64.Build.0 = Debug|Any CPU
		{7DC510CD-4FDA-4368-998D-C174E7C6037A}.Debug|x86.ActiveCfg = Debug|Any CPU
		{7DC510CD-4FDA-4368-998D-C174E7C6037A}.Debug|x86.Build.0 = Debug|Any CPU
		{7DC510CD-4FDA-4368-998D-C174E7C6037A}.Release|Any CPU.ActiveCfg = Release|Any CPU
		{7DC510CD-4FDA-4368-998D-C174E7C6037A}.Release|Any CPU.Build.0 = Release|Any CPU
		{7DC510CD-4FDA-4368-998D-C174E7C6037A}.Release|x64.ActiveCfg = Release|Any CPU
		{7DC510CD-4FDA-4368-998D-C174E7C6037A}.Release|x64.Build.0 = Release|Any CPU
		{7DC510CD-4FDA-4368-998D-C174E7C6037A}.Release|x86.ActiveCfg = Release|Any CPU
		{7DC510CD-4FDA-4368-998D-C174E7C6037A}.Release|x86.Build.0 = Release|Any CPU
		{45FA0B60-A09A-4469-AFBF-AB326F08D574}.Debug|Any CPU.ActiveCfg = Debug|Any CPU
		{45FA0B60-A09A-4469-AFBF-AB326F08D574}.Debug|Any CPU.Build.0 = Debug|Any CPU
		{45FA0B60-A09A-4469-AFBF-AB326F08D574}.Debug|x64.ActiveCfg = Debug|Any CPU
		{45FA0B60-A09A-4469-AFBF-AB326F08D574}.Debug|x64.Build.0 = Debug|Any CPU
		{45FA0B60-A09A-4469-AFBF-AB326F08D574}.Debug|x86.ActiveCfg = Debug|Any CPU
		{45FA0B60-A09A-4469-AFBF-AB326F08D574}.Debug|x86.Build.0 = Debug|Any CPU
		{45FA0B60-A09A-4469-AFBF-AB326F08D574}.Release|Any CPU.ActiveCfg = Release|Any CPU
		{45FA0B60-A09A-4469-AFBF-AB326F08D574}.Release|Any CPU.Build.0 = Release|Any CPU
		{45FA0B60-A09A-4469-AFBF-AB326F08D574}.Release|x64.ActiveCfg = Release|Any CPU
		{45FA0B60-A09A-4469-AFBF-AB326F08D574}.Release|x64.Build.0 = Release|Any CPU
		{45FA0B60-A09A-4469-AFBF-AB326F08D574}.Release|x86.ActiveCfg = Release|Any CPU
		{45FA0B60-A09A-4469-AFBF-AB326F08D574}.Release|x86.Build.0 = Release|Any CPU
		{9DFA9B63-22E3-4C2A-A240-D5DE7A281669}.Debug|Any CPU.ActiveCfg = Debug|Any CPU
		{9DFA9B63-22E3-4C2A-A240-D5DE7A281669}.Debug|Any CPU.Build.0 = Debug|Any CPU
		{9DFA9B63-22E3-4C2A-A240-D5DE7A281669}.Debug|x64.ActiveCfg = Debug|Any CPU
		{9DFA9B63-22E3-4C2A-A240-D5DE7A281669}.Debug|x64.Build.0 = Debug|Any CPU
		{9DFA9B63-22E3-4C2A-A240-D5DE7A281669}.Debug|x86.ActiveCfg = Debug|Any CPU
		{9DFA9B63-22E3-4C2A-A240-D5DE7A281669}.Debug|x86.Build.0 = Debug|Any CPU
		{9DFA9B63-22E3-4C2A-A240-D5DE7A281669}.Release|Any CPU.ActiveCfg = Release|Any CPU
		{9DFA9B63-22E3-4C2A-A240-D5DE7A281669}.Release|Any CPU.Build.0 = Release|Any CPU
		{9DFA9B63-22E3-4C2A-A240-D5DE7A281669}.Release|x64.ActiveCfg = Release|Any CPU
		{9DFA9B63-22E3-4C2A-A240-D5DE7A281669}.Release|x64.Build.0 = Release|Any CPU
		{9DFA9B63-22E3-4C2A-A240-D5DE7A281669}.Release|x86.ActiveCfg = Release|Any CPU
		{9DFA9B63-22E3-4C2A-A240-D5DE7A281669}.Release|x86.Build.0 = Release|Any CPU
		{FB932FCA-A474-4F57-BF64-B0726713D069}.Debug|Any CPU.ActiveCfg = Debug|Any CPU
		{FB932FCA-A474-4F57-BF64-B0726713D069}.Debug|Any CPU.Build.0 = Debug|Any CPU
		{FB932FCA-A474-4F57-BF64-B0726713D069}.Debug|x64.ActiveCfg = Debug|Any CPU
		{FB932FCA-A474-4F57-BF64-B0726713D069}.Debug|x64.Build.0 = Debug|Any CPU
		{FB932FCA-A474-4F57-BF64-B0726713D069}.Debug|x86.ActiveCfg = Debug|Any CPU
		{FB932FCA-A474-4F57-BF64-B0726713D069}.Debug|x86.Build.0 = Debug|Any CPU
		{FB932FCA-A474-4F57-BF64-B0726713D069}.Release|Any CPU.ActiveCfg = Release|Any CPU
		{FB932FCA-A474-4F57-BF64-B0726713D069}.Release|Any CPU.Build.0 = Release|Any CPU
		{FB932FCA-A474-4F57-BF64-B0726713D069}.Release|x64.ActiveCfg = Release|Any CPU
		{FB932FCA-A474-4F57-BF64-B0726713D069}.Release|x64.Build.0 = Release|Any CPU
		{FB932FCA-A474-4F57-BF64-B0726713D069}.Release|x86.ActiveCfg = Release|Any CPU
		{FB932FCA-A474-4F57-BF64-B0726713D069}.Release|x86.Build.0 = Release|Any CPU
		{6FD2F209-3BF5-437E-B427-8ED48194B21C}.Debug|Any CPU.ActiveCfg = Debug|Any CPU
		{6FD2F209-3BF5-437E-B427-8ED48194B21C}.Debug|Any CPU.Build.0 = Debug|Any CPU
		{6FD2F209-3BF5-437E-B427-8ED48194B21C}.Debug|x64.ActiveCfg = Debug|Any CPU
		{6FD2F209-3BF5-437E-B427-8ED48194B21C}.Debug|x64.Build.0 = Debug|Any CPU
		{6FD2F209-3BF5-437E-B427-8ED48194B21C}.Debug|x86.ActiveCfg = Debug|Any CPU
		{6FD2F209-3BF5-437E-B427-8ED48194B21C}.Debug|x86.Build.0 = Debug|Any CPU
		{6FD2F209-3BF5-437E-B427-8ED48194B21C}.Release|Any CPU.ActiveCfg = Release|Any CPU
		{6FD2F209-3BF5-437E-B427-8ED48194B21C}.Release|Any CPU.Build.0 = Release|Any CPU
		{6FD2F209-3BF5-437E-B427-8ED48194B21C}.Release|x64.ActiveCfg = Release|Any CPU
		{6FD2F209-3BF5-437E-B427-8ED48194B21C}.Release|x64.Build.0 = Release|Any CPU
		{6FD2F209-3BF5-437E-B427-8ED48194B21C}.Release|x86.ActiveCfg = Release|Any CPU
		{6FD2F209-3BF5-437E-B427-8ED48194B21C}.Release|x86.Build.0 = Release|Any CPU
		{42C068DC-373C-4769-B344-BD439C7E19BD}.Debug|Any CPU.ActiveCfg = Debug|Any CPU
		{42C068DC-373C-4769-B344-BD439C7E19BD}.Debug|Any CPU.Build.0 = Debug|Any CPU
		{42C068DC-373C-4769-B344-BD439C7E19BD}.Debug|x64.ActiveCfg = Debug|Any CPU
		{42C068DC-373C-4769-B344-BD439C7E19BD}.Debug|x64.Build.0 = Debug|Any CPU
		{42C068DC-373C-4769-B344-BD439C7E19BD}.Debug|x86.ActiveCfg = Debug|Any CPU
		{42C068DC-373C-4769-B344-BD439C7E19BD}.Debug|x86.Build.0 = Debug|Any CPU
		{42C068DC-373C-4769-B344-BD439C7E19BD}.Release|Any CPU.ActiveCfg = Release|Any CPU
		{42C068DC-373C-4769-B344-BD439C7E19BD}.Release|Any CPU.Build.0 = Release|Any CPU
		{42C068DC-373C-4769-B344-BD439C7E19BD}.Release|x64.ActiveCfg = Release|Any CPU
		{42C068DC-373C-4769-B344-BD439C7E19BD}.Release|x64.Build.0 = Release|Any CPU
		{42C068DC-373C-4769-B344-BD439C7E19BD}.Release|x86.ActiveCfg = Release|Any CPU
		{42C068DC-373C-4769-B344-BD439C7E19BD}.Release|x86.Build.0 = Release|Any CPU
		{CC555720-915C-4821-B00F-774140C23DFE}.Debug|Any CPU.ActiveCfg = Debug|Any CPU
		{CC555720-915C-4821-B00F-774140C23DFE}.Debug|Any CPU.Build.0 = Debug|Any CPU
		{CC555720-915C-4821-B00F-774140C23DFE}.Debug|x64.ActiveCfg = Debug|Any CPU
		{CC555720-915C-4821-B00F-774140C23DFE}.Debug|x64.Build.0 = Debug|Any CPU
		{CC555720-915C-4821-B00F-774140C23DFE}.Debug|x86.ActiveCfg = Debug|Any CPU
		{CC555720-915C-4821-B00F-774140C23DFE}.Debug|x86.Build.0 = Debug|Any CPU
		{CC555720-915C-4821-B00F-774140C23DFE}.Release|Any CPU.ActiveCfg = Release|Any CPU
		{CC555720-915C-4821-B00F-774140C23DFE}.Release|Any CPU.Build.0 = Release|Any CPU
		{CC555720-915C-4821-B00F-774140C23DFE}.Release|x64.ActiveCfg = Release|Any CPU
		{CC555720-915C-4821-B00F-774140C23DFE}.Release|x64.Build.0 = Release|Any CPU
		{CC555720-915C-4821-B00F-774140C23DFE}.Release|x86.ActiveCfg = Release|Any CPU
		{CC555720-915C-4821-B00F-774140C23DFE}.Release|x86.Build.0 = Release|Any CPU
		{7F563AF3-E334-430E-A51B-0F5A4E3DEFC0}.Debug|Any CPU.ActiveCfg = Debug|Any CPU
		{7F563AF3-E334-430E-A51B-0F5A4E3DEFC0}.Debug|Any CPU.Build.0 = Debug|Any CPU
		{7F563AF3-E334-430E-A51B-0F5A4E3DEFC0}.Debug|x64.ActiveCfg = Debug|Any CPU
		{7F563AF3-E334-430E-A51B-0F5A4E3DEFC0}.Debug|x64.Build.0 = Debug|Any CPU
		{7F563AF3-E334-430E-A51B-0F5A4E3DEFC0}.Debug|x86.ActiveCfg = Debug|Any CPU
		{7F563AF3-E334-430E-A51B-0F5A4E3DEFC0}.Debug|x86.Build.0 = Debug|Any CPU
		{7F563AF3-E334-430E-A51B-0F5A4E3DEFC0}.Release|Any CPU.ActiveCfg = Release|Any CPU
		{7F563AF3-E334-430E-A51B-0F5A4E3DEFC0}.Release|Any CPU.Build.0 = Release|Any CPU
		{7F563AF3-E334-430E-A51B-0F5A4E3DEFC0}.Release|x64.ActiveCfg = Release|Any CPU
		{7F563AF3-E334-430E-A51B-0F5A4E3DEFC0}.Release|x64.Build.0 = Release|Any CPU
		{7F563AF3-E334-430E-A51B-0F5A4E3DEFC0}.Release|x86.ActiveCfg = Release|Any CPU
		{7F563AF3-E334-430E-A51B-0F5A4E3DEFC0}.Release|x86.Build.0 = Release|Any CPU
		{94C312E7-654A-4A04-9DE2-74F466A0D49A}.Debug|Any CPU.ActiveCfg = Debug|Any CPU
		{94C312E7-654A-4A04-9DE2-74F466A0D49A}.Debug|Any CPU.Build.0 = Debug|Any CPU
		{94C312E7-654A-4A04-9DE2-74F466A0D49A}.Debug|x64.ActiveCfg = Debug|Any CPU
		{94C312E7-654A-4A04-9DE2-74F466A0D49A}.Debug|x64.Build.0 = Debug|Any CPU
		{94C312E7-654A-4A04-9DE2-74F466A0D49A}.Debug|x86.ActiveCfg = Debug|Any CPU
		{94C312E7-654A-4A04-9DE2-74F466A0D49A}.Debug|x86.Build.0 = Debug|Any CPU
		{94C312E7-654A-4A04-9DE2-74F466A0D49A}.Release|Any CPU.ActiveCfg = Release|Any CPU
		{94C312E7-654A-4A04-9DE2-74F466A0D49A}.Release|Any CPU.Build.0 = Release|Any CPU
		{94C312E7-654A-4A04-9DE2-74F466A0D49A}.Release|x64.ActiveCfg = Release|Any CPU
		{94C312E7-654A-4A04-9DE2-74F466A0D49A}.Release|x64.Build.0 = Release|Any CPU
		{94C312E7-654A-4A04-9DE2-74F466A0D49A}.Release|x86.ActiveCfg = Release|Any CPU
		{94C312E7-654A-4A04-9DE2-74F466A0D49A}.Release|x86.Build.0 = Release|Any CPU
	EndGlobalSection
	GlobalSection(SolutionProperties) = preSolution
		HideSolutionNode = FALSE
	EndGlobalSection
	GlobalSection(ExtensibilityGlobals) = postSolution
		SolutionGuid = {8A9A5763-6201-4046-9119-E996CDD077E2}
	EndGlobalSection
EndGlobal
